{
    "hash": "0da417cdf35e3ee61b1e2263529958e2",
    "packages": [
        {
            "package": "rmccue/requests",
            "version": "dev-master",
            "source-reference": "74220e5c5a105995f07188b5b022344444108c67",
            "commit-date": "1341298314"
        }
    ],
    "packages-dev": null,
    "aliases": [

    ],
    "minimum-stability": "stable",
    "stability-flags": {
        "rmccue/requests": 20
    }
}
