{
    "hash": "68b5573106eae93f20dec964fb9724a7",
    "packages": [
        {
            "package": "rmccue/requests",
            "version": "dev-master",
            "source-reference": "74220e5c5a105995f07188b5b022344444108c67",
            "commit-date": "1341298314"
        }
    ],
    "packages-dev": null,
    "aliases": [

    ],
    "minimum-stability": "stable",
    "stability-flags": {
        "rmccue/requests": 20
    }
}
